
Microsoft Visual Studio Solution File, Format Version 12.00
# Visual Studio Version 16
VisualStudioVersion = 16.0.32106.194
MinimumVisualStudioVersion = 10.0.40219.1
Project("{FAE04EC0-301F-11D3-BF4B-00C04F79EFBC}") = "PingPong.Server", "PingPong.Server\PingPong.Server.csproj", "{0C5BBEA8-B0A6-41B7-A86A-F9A83FA44F4F}"
EndProject
Global
	GlobalSection(SolutionConfigurationPlatforms) = preSolution
		Debug|Any CPU = Debug|Any CPU
		Release|Any CPU = Release|Any CPU
	EndGlobalSection
	GlobalSection(ProjectConfigurationPlatforms) = postSolution
		{0C5BBEA8-B0A6-41B7-A86A-F9A83FA44F4F}.Debug|Any CPU.ActiveCfg = Debug|Any CPU
		{0C5BBEA8-B0A6-41B7-A86A-F9A83FA44F4F}.Debug|Any CPU.Build.0 = Debug|Any CPU
		{0C5BBEA8-B0A6-41B7-A86A-F9A83FA44F4F}.Release|Any CPU.ActiveCfg = Release|Any CPU
		{0C5BBEA8-B0A6-41B7-A86A-F9A83FA44F4F}.Release|Any CPU.Build.0 = Release|Any CPU
	EndGlobalSection
	GlobalSection(SolutionProperties) = preSolution
		HideSolutionNode = FALSE
	EndGlobalSection
	GlobalSection(ExtensibilityGlobals) = postSolution
		SolutionGuid = {21707488-9DB4-4936-9605-00ED4325249E}
	EndGlobalSection
EndGlobal
